
Microsoft Visual Studio Solution File, Format Version 12.00
# Visual Studio Version 16
VisualStudioVersion = 16.0.808.8
MinimumVisualStudioVersion = 10.0.40219.1
Project("{FAE04EC0-301F-11D3-BF4B-00C04F79EFBC}") = "Signing.Android", "Signing.Android\Signing.Android.csproj", "{77102D21-2A66-4D7E-A471-FE0D290D7F8F}"
EndProject
Project("{FAE04EC0-301F-11D3-BF4B-00C04F79EFBC}") = "Signing.iOS", "Signing.iOS\Signing.iOS.csproj", "{128FB91B-32FB-4405-A98F-2A90900B608F}"
EndProject
Project("{FAE04EC0-301F-11D3-BF4B-00C04F79EFBC}") = "Signing", "Signing\Signing.csproj", "{8437B144-449A-4961-A57E-E9B33C436596}"
EndProject
Global
	GlobalSection(SolutionConfigurationPlatforms) = preSolution
		Debug|Any CPU = Debug|Any CPU
		Release|Any CPU = Release|Any CPU
		Debug|iPhoneSimulator = Debug|iPhoneSimulator
		Release|iPhoneSimulator = Release|iPhoneSimulator
		Debug|iPhone = Debug|iPhone
		Release|iPhone = Release|iPhone
	EndGlobalSection
	GlobalSection(ProjectConfigurationPlatforms) = postSolution
		{77102D21-2A66-4D7E-A471-FE0D290D7F8F}.Debug|Any CPU.ActiveCfg = Debug|Any CPU
		{77102D21-2A66-4D7E-A471-FE0D290D7F8F}.Debug|Any CPU.Build.0 = Debug|Any CPU
		{77102D21-2A66-4D7E-A471-FE0D290D7F8F}.Release|Any CPU.ActiveCfg = Release|Any CPU
		{77102D21-2A66-4D7E-A471-FE0D290D7F8F}.Release|Any CPU.Build.0 = Release|Any CPU
		{77102D21-2A66-4D7E-A471-FE0D290D7F8F}.Debug|iPhoneSimulator.ActiveCfg = Debug|Any CPU
		{77102D21-2A66-4D7E-A471-FE0D290D7F8F}.Debug|iPhoneSimulator.Build.0 = Debug|Any CPU
		{77102D21-2A66-4D7E-A471-FE0D290D7F8F}.Release|iPhoneSimulator.ActiveCfg = Release|Any CPU
		{77102D21-2A66-4D7E-A471-FE0D290D7F8F}.Release|iPhoneSimulator.Build.0 = Release|Any CPU
		{77102D21-2A66-4D7E-A471-FE0D290D7F8F}.Debug|iPhone.ActiveCfg = Debug|Any CPU
		{77102D21-2A66-4D7E-A471-FE0D290D7F8F}.Debug|iPhone.Build.0 = Debug|Any CPU
		{77102D21-2A66-4D7E-A471-FE0D290D7F8F}.Release|iPhone.ActiveCfg = Release|Any CPU
		{77102D21-2A66-4D7E-A471-FE0D290D7F8F}.Release|iPhone.Build.0 = Release|Any CPU
		{128FB91B-32FB-4405-A98F-2A90900B608F}.Debug|Any CPU.ActiveCfg = Debug|iPhoneSimulator
		{128FB91B-32FB-4405-A98F-2A90900B608F}.Debug|Any CPU.Build.0 = Debug|iPhoneSimulator
		{128FB91B-32FB-4405-A98F-2A90900B608F}.Release|Any CPU.ActiveCfg = Release|iPhoneSimulator
		{128FB91B-32FB-4405-A98F-2A90900B608F}.Release|Any CPU.Build.0 = Release|iPhoneSimulator
		{128FB91B-32FB-4405-A98F-2A90900B608F}.Debug|iPhoneSimulator.ActiveCfg = Debug|iPhoneSimulator
		{128FB91B-32FB-4405-A98F-2A90900B608F}.Debug|iPhoneSimulator.Build.0 = Debug|iPhoneSimulator
		{128FB91B-32FB-4405-A98F-2A90900B608F}.Release|iPhoneSimulator.ActiveCfg = Release|iPhoneSimulator
		{128FB91B-32FB-4405-A98F-2A90900B608F}.Release|iPhoneSimulator.Build.0 = Release|iPhoneSimulator
		{128FB91B-32FB-4405-A98F-2A90900B608F}.Debug|iPhone.ActiveCfg = Debug|iPhone
		{128FB91B-32FB-4405-A98F-2A90900B608F}.Debug|iPhone.Build.0 = Debug|iPhone
		{128FB91B-32FB-4405-A98F-2A90900B608F}.Release|iPhone.ActiveCfg = Release|iPhone
		{128FB91B-32FB-4405-A98F-2A90900B608F}.Release|iPhone.Build.0 = Release|iPhone
		{8437B144-449A-4961-A57E-E9B33C436596}.Debug|Any CPU.ActiveCfg = Debug|Any CPU
		{8437B144-449A-4961-A57E-E9B33C436596}.Debug|Any CPU.Build.0 = Debug|Any CPU
		{8437B144-449A-4961-A57E-E9B33C436596}.Release|Any CPU.ActiveCfg = Release|Any CPU
		{8437B144-449A-4961-A57E-E9B33C436596}.Release|Any CPU.Build.0 = Release|Any CPU
		{8437B144-449A-4961-A57E-E9B33C436596}.Debug|iPhoneSimulator.ActiveCfg = Debug|Any CPU
		{8437B144-449A-4961-A57E-E9B33C436596}.Debug|iPhoneSimulator.Build.0 = Debug|Any CPU
		{8437B144-449A-4961-A57E-E9B33C436596}.Release|iPhoneSimulator.ActiveCfg = Release|Any CPU
		{8437B144-449A-4961-A57E-E9B33C436596}.Release|iPhoneSimulator.Build.0 = Release|Any CPU
		{8437B144-449A-4961-A57E-E9B33C436596}.Debug|iPhone.ActiveCfg = Debug|Any CPU
		{8437B144-449A-4961-A57E-E9B33C436596}.Debug|iPhone.Build.0 = Debug|Any CPU
		{8437B144-449A-4961-A57E-E9B33C436596}.Release|iPhone.ActiveCfg = Release|Any CPU
		{8437B144-449A-4961-A57E-E9B33C436596}.Release|iPhone.Build.0 = Release|Any CPU
	EndGlobalSection
	GlobalSection(SolutionProperties) = preSolution
		HideSolutionNode = FALSE
	EndGlobalSection
	GlobalSection(ExtensibilityGlobals) = postSolution
		SolutionGuid = {528E2D9B-3B8A-4510-A5C6-0EED955382ED}
	EndGlobalSection
EndGlobal
