
Microsoft Visual Studio Solution File, Format Version 12.00
# Visual Studio Version 16
VisualStudioVersion = 16.0.808.8
MinimumVisualStudioVersion = 10.0.40219.1
Project("{FAE04EC0-301F-11D3-BF4B-00C04F79EFBC}") = "signing.Android", "signing.Android\signing.Android.csproj", "{132CC0DB-D74E-4607-9E1F-74BCF48FDFCD}"
EndProject
Project("{FAE04EC0-301F-11D3-BF4B-00C04F79EFBC}") = "signing.iOS", "signing.iOS\signing.iOS.csproj", "{3C9BAAD6-F703-4C89-972D-11857C9E838F}"
EndProject
Project("{FAE04EC0-301F-11D3-BF4B-00C04F79EFBC}") = "signing", "signing\signing.csproj", "{6C662F9C-C03C-4FB6-9BD7-6A4652F58347}"
EndProject
Global
	GlobalSection(SolutionConfigurationPlatforms) = preSolution
		Debug|Any CPU = Debug|Any CPU
		Release|Any CPU = Release|Any CPU
		Debug|iPhoneSimulator = Debug|iPhoneSimulator
		Release|iPhoneSimulator = Release|iPhoneSimulator
		Debug|iPhone = Debug|iPhone
		Release|iPhone = Release|iPhone
	EndGlobalSection
	GlobalSection(ProjectConfigurationPlatforms) = postSolution
		{132CC0DB-D74E-4607-9E1F-74BCF48FDFCD}.Debug|Any CPU.ActiveCfg = Debug|Any CPU
		{132CC0DB-D74E-4607-9E1F-74BCF48FDFCD}.Debug|Any CPU.Build.0 = Debug|Any CPU
		{132CC0DB-D74E-4607-9E1F-74BCF48FDFCD}.Release|Any CPU.ActiveCfg = Release|Any CPU
		{132CC0DB-D74E-4607-9E1F-74BCF48FDFCD}.Release|Any CPU.Build.0 = Release|Any CPU
		{132CC0DB-D74E-4607-9E1F-74BCF48FDFCD}.Debug|iPhoneSimulator.ActiveCfg = Debug|Any CPU
		{132CC0DB-D74E-4607-9E1F-74BCF48FDFCD}.Debug|iPhoneSimulator.Build.0 = Debug|Any CPU
		{132CC0DB-D74E-4607-9E1F-74BCF48FDFCD}.Release|iPhoneSimulator.ActiveCfg = Release|Any CPU
		{132CC0DB-D74E-4607-9E1F-74BCF48FDFCD}.Release|iPhoneSimulator.Build.0 = Release|Any CPU
		{132CC0DB-D74E-4607-9E1F-74BCF48FDFCD}.Debug|iPhone.ActiveCfg = Debug|Any CPU
		{132CC0DB-D74E-4607-9E1F-74BCF48FDFCD}.Debug|iPhone.Build.0 = Debug|Any CPU
		{132CC0DB-D74E-4607-9E1F-74BCF48FDFCD}.Release|iPhone.ActiveCfg = Release|Any CPU
		{132CC0DB-D74E-4607-9E1F-74BCF48FDFCD}.Release|iPhone.Build.0 = Release|Any CPU
		{3C9BAAD6-F703-4C89-972D-11857C9E838F}.Debug|Any CPU.ActiveCfg = Debug|iPhoneSimulator
		{3C9BAAD6-F703-4C89-972D-11857C9E838F}.Debug|Any CPU.Build.0 = Debug|iPhoneSimulator
		{3C9BAAD6-F703-4C89-972D-11857C9E838F}.Release|Any CPU.ActiveCfg = Release|iPhoneSimulator
		{3C9BAAD6-F703-4C89-972D-11857C9E838F}.Release|Any CPU.Build.0 = Release|iPhoneSimulator
		{3C9BAAD6-F703-4C89-972D-11857C9E838F}.Debug|iPhoneSimulator.ActiveCfg = Debug|iPhoneSimulator
		{3C9BAAD6-F703-4C89-972D-11857C9E838F}.Debug|iPhoneSimulator.Build.0 = Debug|iPhoneSimulator
		{3C9BAAD6-F703-4C89-972D-11857C9E838F}.Release|iPhoneSimulator.ActiveCfg = Release|iPhoneSimulator
		{3C9BAAD6-F703-4C89-972D-11857C9E838F}.Release|iPhoneSimulator.Build.0 = Release|iPhoneSimulator
		{3C9BAAD6-F703-4C89-972D-11857C9E838F}.Debug|iPhone.ActiveCfg = Debug|iPhone
		{3C9BAAD6-F703-4C89-972D-11857C9E838F}.Debug|iPhone.Build.0 = Debug|iPhone
		{3C9BAAD6-F703-4C89-972D-11857C9E838F}.Release|iPhone.ActiveCfg = Release|iPhone
		{3C9BAAD6-F703-4C89-972D-11857C9E838F}.Release|iPhone.Build.0 = Release|iPhone
		{6C662F9C-C03C-4FB6-9BD7-6A4652F58347}.Debug|Any CPU.ActiveCfg = Debug|Any CPU
		{6C662F9C-C03C-4FB6-9BD7-6A4652F58347}.Debug|Any CPU.Build.0 = Debug|Any CPU
		{6C662F9C-C03C-4FB6-9BD7-6A4652F58347}.Release|Any CPU.ActiveCfg = Release|Any CPU
		{6C662F9C-C03C-4FB6-9BD7-6A4652F58347}.Release|Any CPU.Build.0 = Release|Any CPU
		{6C662F9C-C03C-4FB6-9BD7-6A4652F58347}.Debug|iPhoneSimulator.ActiveCfg = Debug|Any CPU
		{6C662F9C-C03C-4FB6-9BD7-6A4652F58347}.Debug|iPhoneSimulator.Build.0 = Debug|Any CPU
		{6C662F9C-C03C-4FB6-9BD7-6A4652F58347}.Release|iPhoneSimulator.ActiveCfg = Release|Any CPU
		{6C662F9C-C03C-4FB6-9BD7-6A4652F58347}.Release|iPhoneSimulator.Build.0 = Release|Any CPU
		{6C662F9C-C03C-4FB6-9BD7-6A4652F58347}.Debug|iPhone.ActiveCfg = Debug|Any CPU
		{6C662F9C-C03C-4FB6-9BD7-6A4652F58347}.Debug|iPhone.Build.0 = Debug|Any CPU
		{6C662F9C-C03C-4FB6-9BD7-6A4652F58347}.Release|iPhone.ActiveCfg = Release|Any CPU
		{6C662F9C-C03C-4FB6-9BD7-6A4652F58347}.Release|iPhone.Build.0 = Release|Any CPU
	EndGlobalSection
	GlobalSection(SolutionProperties) = preSolution
		HideSolutionNode = FALSE
	EndGlobalSection
	GlobalSection(ExtensibilityGlobals) = postSolution
		SolutionGuid = {AE271B33-2FA3-4DE2-8E17-6F8289FFC4B6}
	EndGlobalSection
EndGlobal
